
Microsoft Visual Studio Solution File, Format Version 12.00
# Visual Studio Version 17
VisualStudioVersion = 17.4.33103.184
MinimumVisualStudioVersion = 10.0.40219.1
Project("{FAE04EC0-301F-11D3-BF4B-00C04F79EFBC}") = "EjericioLinQ", "EjericioLinQ\EjericioLinQ.csproj", "{4995498A-7C19-42B6-9FC1-73EB3B7B074D}"
EndProject
Global
	GlobalSection(SolutionConfigurationPlatforms) = preSolution
		Debug|Any CPU = Debug|Any CPU
		Release|Any CPU = Release|Any CPU
	EndGlobalSection
	GlobalSection(ProjectConfigurationPlatforms) = postSolution
		{4995498A-7C19-42B6-9FC1-73EB3B7B074D}.Debug|Any CPU.ActiveCfg = Debug|Any CPU
		{4995498A-7C19-42B6-9FC1-73EB3B7B074D}.Debug|Any CPU.Build.0 = Debug|Any CPU
		{4995498A-7C19-42B6-9FC1-73EB3B7B074D}.Release|Any CPU.ActiveCfg = Release|Any CPU
		{4995498A-7C19-42B6-9FC1-73EB3B7B074D}.Release|Any CPU.Build.0 = Release|Any CPU
	EndGlobalSection
	GlobalSection(SolutionProperties) = preSolution
		HideSolutionNode = FALSE
	EndGlobalSection
	GlobalSection(ExtensibilityGlobals) = postSolution
		SolutionGuid = {01A9DF30-9500-4050-A137-DB7050D65131}
	EndGlobalSection
EndGlobal
